{
  "name": "demotracer-cs2-lib-data",
  "lockfileVersion": 3,
  "requires": true,
  "packages": {
    "": {
      "name": "demotracer-cs2-lib-data",
      "dependencies": {
        "@ianlucas/cs2-lib": "9.2.0"
      },
      "engines": {
        "node": ">=20"
      }
    },
    "node_modules/@ianlucas/cs2-lib": {
      "version": "9.2.0",
      "resolved": "https://registry.npmjs.org/@ianlucas/cs2-lib/-/cs2-lib-9.2.0.tgz",
      "integrity": "sha512-KeQ5DPaKr1sj7aVSZOGDRfWEAOe5JFATHmfkzfn8PpSNBJGqTgZvCXU15N0DEaU175cews80sADQpNFM4vHOrA==",
      "license": "MIT",
      "engines": {
        "node": ">=20"
      }
    }
  }
}
