{
  "name": "demotracer-cs2-lib-data",
  "lockfileVersion": 3,
  "requires": true,
  "packages": {
    "": {
      "name": "demotracer-cs2-lib-data",
      "dependencies": {
        "@ianlucas/cs2-lib": "9.3.0"
      },
      "engines": {
        "node": ">=20"
      }
    },
    "node_modules/@ianlucas/cs2-lib": {
      "version": "9.3.0",
      "resolved": "https://registry.npmjs.org/@ianlucas/cs2-lib/-/cs2-lib-9.3.0.tgz",
      "integrity": "sha512-Y/5EbYAPYj/DIakivLIscOlpoaNBowU/5p4Y6uFiZloEn6eoXHZSjFhQwXVmAinYDAzq27XahIEUXObbY+gyCw==",
      "license": "MIT",
      "engines": {
        "node": ">=20"
      }
    }
  }
}
